
Microsoft Visual Studio Solution File, Format Version 12.00
# Visual Studio Version 17
VisualStudioVersion = 17.0.31903.59
MinimumVisualStudioVersion = 10.0.40219.1
Project("{FAE04EC0-301F-11D3-BF4B-00C04F79EFBC}") = "Day1", "Day1\Day1.csproj", "{58910ACA-7E1F-4693-A5F3-1D8C33368B6D}"
EndProject
Project("{FAE04EC0-301F-11D3-BF4B-00C04F79EFBC}") = "Day2", "Day2\Day2.csproj", "{1CD6959B-B00D-49E2-8675-1206A94EACC9}"
EndProject
Project("{FAE04EC0-301F-11D3-BF4B-00C04F79EFBC}") = "Day3", "Day3\Day3.csproj", "{8A31E313-7DE8-4FCA-B922-AFED8846E1A1}"
EndProject
Project("{FAE04EC0-301F-11D3-BF4B-00C04F79EFBC}") = "Day4", "Day4\Day4.csproj", "{B3A84FCD-8564-4C59-BED2-C0907F1549A4}"
EndProject
Project("{FAE04EC0-301F-11D3-BF4B-00C04F79EFBC}") = "Day5", "Day5\Day5.csproj", "{6707610F-822B-4374-AE8A-F7EB616C0486}"
EndProject
Global
	GlobalSection(SolutionConfigurationPlatforms) = preSolution
		Debug|Any CPU = Debug|Any CPU
		Release|Any CPU = Release|Any CPU
	EndGlobalSection
	GlobalSection(SolutionProperties) = preSolution
		HideSolutionNode = FALSE
	EndGlobalSection
	GlobalSection(ProjectConfigurationPlatforms) = postSolution
		{58910ACA-7E1F-4693-A5F3-1D8C33368B6D}.Debug|Any CPU.ActiveCfg = Debug|Any CPU
		{58910ACA-7E1F-4693-A5F3-1D8C33368B6D}.Debug|Any CPU.Build.0 = Debug|Any CPU
		{58910ACA-7E1F-4693-A5F3-1D8C33368B6D}.Release|Any CPU.ActiveCfg = Release|Any CPU
		{58910ACA-7E1F-4693-A5F3-1D8C33368B6D}.Release|Any CPU.Build.0 = Release|Any CPU
		{1CD6959B-B00D-49E2-8675-1206A94EACC9}.Debug|Any CPU.ActiveCfg = Debug|Any CPU
		{1CD6959B-B00D-49E2-8675-1206A94EACC9}.Debug|Any CPU.Build.0 = Debug|Any CPU
		{1CD6959B-B00D-49E2-8675-1206A94EACC9}.Release|Any CPU.ActiveCfg = Release|Any CPU
		{1CD6959B-B00D-49E2-8675-1206A94EACC9}.Release|Any CPU.Build.0 = Release|Any CPU
		{8A31E313-7DE8-4FCA-B922-AFED8846E1A1}.Debug|Any CPU.ActiveCfg = Debug|Any CPU
		{8A31E313-7DE8-4FCA-B922-AFED8846E1A1}.Debug|Any CPU.Build.0 = Debug|Any CPU
		{8A31E313-7DE8-4FCA-B922-AFED8846E1A1}.Release|Any CPU.ActiveCfg = Release|Any CPU
		{8A31E313-7DE8-4FCA-B922-AFED8846E1A1}.Release|Any CPU.Build.0 = Release|Any CPU
		{B3A84FCD-8564-4C59-BED2-C0907F1549A4}.Debug|Any CPU.ActiveCfg = Debug|Any CPU
		{B3A84FCD-8564-4C59-BED2-C0907F1549A4}.Debug|Any CPU.Build.0 = Debug|Any CPU
		{B3A84FCD-8564-4C59-BED2-C0907F1549A4}.Release|Any CPU.ActiveCfg = Release|Any CPU
		{B3A84FCD-8564-4C59-BED2-C0907F1549A4}.Release|Any CPU.Build.0 = Release|Any CPU
		{6707610F-822B-4374-AE8A-F7EB616C0486}.Debug|Any CPU.ActiveCfg = Debug|Any CPU
		{6707610F-822B-4374-AE8A-F7EB616C0486}.Debug|Any CPU.Build.0 = Debug|Any CPU
		{6707610F-822B-4374-AE8A-F7EB616C0486}.Release|Any CPU.ActiveCfg = Release|Any CPU
		{6707610F-822B-4374-AE8A-F7EB616C0486}.Release|Any CPU.Build.0 = Release|Any CPU
	EndGlobalSection
EndGlobal
